
Microsoft Visual Studio Solution File, Format Version 12.00
# Visual Studio Version 16
VisualStudioVersion = 16.0.31105.61
MinimumVisualStudioVersion = 10.0.40219.1
Project("{FAE04EC0-301F-11D3-BF4B-00C04F79EFBC}") = "API", "API\API.csproj", "{2EBF2883-F275-4F59-82A5-FA9793C10119}"
EndProject
Project("{FAE04EC0-301F-11D3-BF4B-00C04F79EFBC}") = "Core", "Core\Core.csproj", "{9EF6D614-6590-47D2-B8C5-428021B35728}"
EndProject
Project("{FAE04EC0-301F-11D3-BF4B-00C04F79EFBC}") = "Infrastructure", "Infrastructure\Infrastructure.csproj", "{7D08517D-5DD5-4DD6-B2C6-58F6A812CC24}"
EndProject
Global
	GlobalSection(SolutionConfigurationPlatforms) = preSolution
		Debug|Any CPU = Debug|Any CPU
		Release|Any CPU = Release|Any CPU
	EndGlobalSection
	GlobalSection(ProjectConfigurationPlatforms) = postSolution
		{2EBF2883-F275-4F59-82A5-FA9793C10119}.Debug|Any CPU.ActiveCfg = Debug|Any CPU
		{2EBF2883-F275-4F59-82A5-FA9793C10119}.Debug|Any CPU.Build.0 = Debug|Any CPU
		{2EBF2883-F275-4F59-82A5-FA9793C10119}.Release|Any CPU.ActiveCfg = Release|Any CPU
		{2EBF2883-F275-4F59-82A5-FA9793C10119}.Release|Any CPU.Build.0 = Release|Any CPU
		{9EF6D614-6590-47D2-B8C5-428021B35728}.Debug|Any CPU.ActiveCfg = Debug|Any CPU
		{9EF6D614-6590-47D2-B8C5-428021B35728}.Debug|Any CPU.Build.0 = Debug|Any CPU
		{9EF6D614-6590-47D2-B8C5-428021B35728}.Release|Any CPU.ActiveCfg = Release|Any CPU
		{9EF6D614-6590-47D2-B8C5-428021B35728}.Release|Any CPU.Build.0 = Release|Any CPU
		{7D08517D-5DD5-4DD6-B2C6-58F6A812CC24}.Debug|Any CPU.ActiveCfg = Debug|Any CPU
		{7D08517D-5DD5-4DD6-B2C6-58F6A812CC24}.Debug|Any CPU.Build.0 = Debug|Any CPU
		{7D08517D-5DD5-4DD6-B2C6-58F6A812CC24}.Release|Any CPU.ActiveCfg = Release|Any CPU
		{7D08517D-5DD5-4DD6-B2C6-58F6A812CC24}.Release|Any CPU.Build.0 = Release|Any CPU
	EndGlobalSection
	GlobalSection(SolutionProperties) = preSolution
		HideSolutionNode = FALSE
	EndGlobalSection
	GlobalSection(ExtensibilityGlobals) = postSolution
		SolutionGuid = {F61AED19-B8E4-47F0-93A1-F57016F88DBD}
	EndGlobalSection
EndGlobal
